# THIS IS AN AUTOGENERATED FILE. DO NOT EDIT THIS FILE DIRECTLY.
# yarn lockfile v1


"@types/fs-extra@^8.0.0":
  version "8.0.0"
  resolved "https://registry.npm.taobao.org/@types/fs-extra/download/@types/fs-extra-8.0.0.tgz#d3e2c313ca29f95059f198dd60d1f774642d4b25"
  integrity sha1-0+LDE8op+VBZ8ZjdYNH3dGQtSyU=
  dependencies:
    "@types/node" "*"

"@types/node@*":
  version "12.7.2"
  resolved "https://registry.npm.taobao.org/@types/node/download/@types/node-12.7.2.tgz?cache=0&sync_timestamp=1566325318079&other_urls=https%3A%2F%2Fregistry.npm.taobao.org%2F%40types%2Fnode%2Fdownload%2F%40types%2Fnode-12.7.2.tgz#c4e63af5e8823ce9cc3f0b34f7b998c2171f0c44"
  integrity sha1-xOY69eiCPOnMPws097mYwhcfDEQ=

fs-extra@^6.0.1:
  version "6.0.1"
  resolved "https://registry.npm.alibaba-inc.com/fs-extra/download/fs-extra-6.0.1.tgz#8abc128f7946e310135ddc93b98bddb410e7a34b"
  integrity sha1-irwSj3lG4xATXdyTuYvdtBDno0s=
  dependencies:
    graceful-fs "^4.1.2"
    jsonfile "^4.0.0"
    universalify "^0.1.0"

fs-extra@^8.1.0:
  version "8.1.0"
  resolved "https://registry.npm.taobao.org/fs-extra/download/fs-extra-8.1.0.tgz#49d43c45a88cd9677668cb7be1b46efdb8d2e1c0"
  integrity sha1-SdQ8RaiM2Wd2aMt74bRu/bjS4cA=
  dependencies:
    graceful-fs "^4.2.0"
    jsonfile "^4.0.0"
    universalify "^0.1.0"

graceful-fs@^4.1.2, graceful-fs@^4.1.6, graceful-fs@^4.2.0:
  version "4.2.2"
  resolved "https://registry.npm.alibaba-inc.com/graceful-fs/download/graceful-fs-4.2.2.tgz#6f0952605d0140c1cfdb138ed005775b92d67b02"
  integrity sha1-bwlSYF0BQMHP2xOO0AV3W5LWewI=

jsonfile@^4.0.0:
  version "4.0.0"
  resolved "https://registry.npm.alibaba-inc.com/jsonfile/download/jsonfile-4.0.0.tgz#8771aae0799b64076b76640fca058f9c10e33ecb"
  integrity sha1-h3Gq4HmbZAdrdmQPygWPnBDjPss=
  optionalDependencies:
    graceful-fs "^4.1.6"

mirror-config-china@^2.5.1:
  version "2.5.1"
  resolved "https://registry.npm.alibaba-inc.com/mirror-config-china/download/mirror-config-china-2.5.1.tgz#5c404bb0042dec8310378fc0c65a034a6addad54"
  integrity sha1-XEBLsAQt7IMQN4/AxloDSmrdrVQ=
  dependencies:
    fs-extra "^6.0.1"

universalify@^0.1.0:
  version "0.1.2"
  resolved "https://registry.npm.alibaba-inc.com/universalify/download/universalify-0.1.2.tgz#b646f69be3942dabcecc9d6639c80dc105efaa66"
  integrity sha1-tkb2m+OULavOzJ1mOcgNwQXvqmY=
